# AmneziaWG VPN Server v2
# All versions are intentionally pinned.
# Do not use latest/master in production builds.

# Go toolchain
GO_VERSION=1.25.12

# Base Linux image
ALPINE_VERSION=3.22.5

# AmneziaWG 2.x
AMNEZIAWG_GO_VERSION=0.2.19
AMNEZIAWG_GO_COMMIT=1cc94272ca8e9e223a5fe76382f5880f09d3c12d

AMNEZIAWG_TOOLS_VERSION=1.0.20260223
AMNEZIAWG_TOOLS_COMMIT=5d6179a6d0842e98dfb349c28cf1bd8e4b9d1079

# SQLite Go driver
SQLITE_DRIVER=modernc.org/sqlite
SQLITE_DRIVER_VERSION=1.54.0
# SQLite transitive dependencies
MODERNC_LIBC_VERSION=1.74.1

# Backup / compression
AGE_VERSION=1.3.1
ZSTD_VERSION=1.5.7

# Panel: QR encoder (M6.5 on-demand QR), pinned
QRCODE_GO=github.com/skip2/go-qrcode
QRCODE_GO_VERSION=v0.0.0-20200617195104-da1b6568686e
# Panel tests: QR decoder (payload == config verification), pinned
QRDECODE_GO=github.com/makiuchi-d/gozxing
QRDECODE_GO_VERSION=v0.1.1
