# AmneziaWG VPN Server v2
# All versions are intentionally pinned.
# Do not use latest/master in production builds.

# Go toolchain
GO_VERSION=1.25.12

# Base Linux image
ALPINE_VERSION=3.22.5

# AmneziaWG 2.x
AMNEZIAWG_GO_VERSION=0.2.19
AMNEZIAWG_GO_COMMIT=1cc94272ca8e9e223a5fe76382f5880f09d3c12d

AMNEZIAWG_TOOLS_VERSION=3.1.20260812
AMNEZIAWG_TOOLS_COMMIT=ee0f0a9aa34ff0a0da4b3433b9512781cfe02843

# SQLite Go driver
SQLITE_DRIVER=modernc.org/sqlite
SQLITE_DRIVER_VERSION=1.54.0
# SQLite transitive dependencies
MODERNC_LIBC_VERSION=1.74.1

# Backup / compression (CLI tools)
AGE_VERSION=1.3.1
ZSTD_VERSION=1.5.7
# Backup pipeline (M8.2): Go libraries, pinned (Q1)
AGE_GO_MODULE=filippo.io/age
AGE_GO_VERSION=v1.3.1
AGE_GO_TRANSITIVE=filippo.io/hpke
AGE_GO_TRANSITIVE_VERSION=v0.4.0
ZSTD_GO_MODULE=github.com/klauspost/compress
ZSTD_GO_VERSION=v1.19.2

# Panel: QR encoder (M6.5 on-demand QR), pinned
QRCODE_GO=github.com/skip2/go-qrcode
QRCODE_GO_VERSION=v0.0.0-20200617195104-da1b6568686e
# Panel tests: QR decoder (payload == config verification), pinned
QRDECODE_GO=github.com/makiuchi-d/gozxing
QRDECODE_GO_VERSION=v0.1.1

# Panel: Argon2id password hashing (M7 authentication), pinned
XCRYPTO_GO=golang.org/x/crypto
XCRYPTO_GO_VERSION=v0.54.0

# Panel: Tailwind CSS design-system toolchain (T-120 round 3), pinned.
# Build-only (npm); the compiled artifact static/tailwind.css is committed,
# Go builds/tests stay offline without Node.
TAILWINDCSS_VERSION=4.3.3
